
Microsoft Visual Studio Solution File, Format Version 12.00
# Visual Studio Version 16
VisualStudioVersion = 16.0.31129.286
MinimumVisualStudioVersion = 10.0.40219.1
Project("{FAE04EC0-301F-11D3-BF4B-00C04F79EFBC}") = "Client", "Client\Client.csproj", "{04BDA262-A12C-4FE1-B32D-CC3684EBF868}"
EndProject
Project("{FAE04EC0-301F-11D3-BF4B-00C04F79EFBC}") = "Common", "Common\Common.csproj", "{869C0FB2-249D-46D9-9DAC-56BB85BBC26E}"
EndProject
Project("{2150E333-8FDC-42A3-9474-1A3956D46DE8}") = "全部插件", "全部插件", "{7245A490-858C-466E-ACF8-8FA5EF99F6E4}"
EndProject
Project("{2150E333-8FDC-42A3-9474-1A3956D46DE8}") = "说明文档", "说明文档", "{C5B19FD9-DFDF-4ED1-B7BA-27A0B4167814}"
	ProjectSection(SolutionItems) = preProject
		readme.md = readme.md
	EndProjectSection
EndProject
Project("{FAE04EC0-301F-11D3-BF4B-00C04F79EFBC}") = "CorePlugin", "CorePlugin\CorePlugin.csproj", "{30827CDD-354D-4E5D-A0FA-62FFCE2B4329}"
EndProject
Project("{2150E333-8FDC-42A3-9474-1A3956D46DE8}") = "核心模块", "核心模块", "{7E13235E-97B9-4147-AFC3-FAF3B5C85FE4}"
EndProject
Project("{FAE04EC0-301F-11D3-BF4B-00C04F79EFBC}") = "CoreDBModels", "CoreDBModels\CoreDBModels.csproj", "{814BDBF1-5DCE-4406-91A4-7377D1C5E6A7}"
EndProject
Project("{FAE04EC0-301F-11D3-BF4B-00C04F79EFBC}") = "NewPlugins", "NewPlugins\NewPlugins.csproj", "{44287BD7-8471-4504-89AC-A5112FFFEE93}"
EndProject
Global
	GlobalSection(SolutionConfigurationPlatforms) = preSolution
		Debug|Any CPU = Debug|Any CPU
		Debug|x64 = Debug|x64
		Debug|x86 = Debug|x86
		Release|Any CPU = Release|Any CPU
		Release|x64 = Release|x64
		Release|x86 = Release|x86
	EndGlobalSection
	GlobalSection(ProjectConfigurationPlatforms) = postSolution
		{04BDA262-A12C-4FE1-B32D-CC3684EBF868}.Debug|Any CPU.ActiveCfg = Debug|Any CPU
		{04BDA262-A12C-4FE1-B32D-CC3684EBF868}.Debug|Any CPU.Build.0 = Debug|Any CPU
		{04BDA262-A12C-4FE1-B32D-CC3684EBF868}.Debug|x64.ActiveCfg = Debug|Any CPU
		{04BDA262-A12C-4FE1-B32D-CC3684EBF868}.Debug|x64.Build.0 = Debug|Any CPU
		{04BDA262-A12C-4FE1-B32D-CC3684EBF868}.Debug|x86.ActiveCfg = Debug|Any CPU
		{04BDA262-A12C-4FE1-B32D-CC3684EBF868}.Debug|x86.Build.0 = Debug|Any CPU
		{04BDA262-A12C-4FE1-B32D-CC3684EBF868}.Release|Any CPU.ActiveCfg = Release|Any CPU
		{04BDA262-A12C-4FE1-B32D-CC3684EBF868}.Release|Any CPU.Build.0 = Release|Any CPU
		{04BDA262-A12C-4FE1-B32D-CC3684EBF868}.Release|x64.ActiveCfg = Release|Any CPU
		{04BDA262-A12C-4FE1-B32D-CC3684EBF868}.Release|x64.Build.0 = Release|Any CPU
		{04BDA262-A12C-4FE1-B32D-CC3684EBF868}.Release|x86.ActiveCfg = Release|Any CPU
		{04BDA262-A12C-4FE1-B32D-CC3684EBF868}.Release|x86.Build.0 = Release|Any CPU
		{869C0FB2-249D-46D9-9DAC-56BB85BBC26E}.Debug|Any CPU.ActiveCfg = Debug|Any CPU
		{869C0FB2-249D-46D9-9DAC-56BB85BBC26E}.Debug|Any CPU.Build.0 = Debug|Any CPU
		{869C0FB2-249D-46D9-9DAC-56BB85BBC26E}.Debug|x64.ActiveCfg = Debug|Any CPU
		{869C0FB2-249D-46D9-9DAC-56BB85BBC26E}.Debug|x64.Build.0 = Debug|Any CPU
		{869C0FB2-249D-46D9-9DAC-56BB85BBC26E}.Debug|x86.ActiveCfg = Debug|Any CPU
		{869C0FB2-249D-46D9-9DAC-56BB85BBC26E}.Debug|x86.Build.0 = Debug|Any CPU
		{869C0FB2-249D-46D9-9DAC-56BB85BBC26E}.Release|Any CPU.ActiveCfg = Release|Any CPU
		{869C0FB2-249D-46D9-9DAC-56BB85BBC26E}.Release|Any CPU.Build.0 = Release|Any CPU
		{869C0FB2-249D-46D9-9DAC-56BB85BBC26E}.Release|x64.ActiveCfg = Release|Any CPU
		{869C0FB2-249D-46D9-9DAC-56BB85BBC26E}.Release|x64.Build.0 = Release|Any CPU
		{869C0FB2-249D-46D9-9DAC-56BB85BBC26E}.Release|x86.ActiveCfg = Release|Any CPU
		{869C0FB2-249D-46D9-9DAC-56BB85BBC26E}.Release|x86.Build.0 = Release|Any CPU
		{30827CDD-354D-4E5D-A0FA-62FFCE2B4329}.Debug|Any CPU.ActiveCfg = Debug|Any CPU
		{30827CDD-354D-4E5D-A0FA-62FFCE2B4329}.Debug|Any CPU.Build.0 = Debug|Any CPU
		{30827CDD-354D-4E5D-A0FA-62FFCE2B4329}.Debug|x64.ActiveCfg = Debug|Any CPU
		{30827CDD-354D-4E5D-A0FA-62FFCE2B4329}.Debug|x64.Build.0 = Debug|Any CPU
		{30827CDD-354D-4E5D-A0FA-62FFCE2B4329}.Debug|x86.ActiveCfg = Debug|Any CPU
		{30827CDD-354D-4E5D-A0FA-62FFCE2B4329}.Debug|x86.Build.0 = Debug|Any CPU
		{30827CDD-354D-4E5D-A0FA-62FFCE2B4329}.Release|Any CPU.ActiveCfg = Release|Any CPU
		{30827CDD-354D-4E5D-A0FA-62FFCE2B4329}.Release|Any CPU.Build.0 = Release|Any CPU
		{30827CDD-354D-4E5D-A0FA-62FFCE2B4329}.Release|x64.ActiveCfg = Release|Any CPU
		{30827CDD-354D-4E5D-A0FA-62FFCE2B4329}.Release|x64.Build.0 = Release|Any CPU
		{30827CDD-354D-4E5D-A0FA-62FFCE2B4329}.Release|x86.ActiveCfg = Release|Any CPU
		{30827CDD-354D-4E5D-A0FA-62FFCE2B4329}.Release|x86.Build.0 = Release|Any CPU
		{814BDBF1-5DCE-4406-91A4-7377D1C5E6A7}.Debug|Any CPU.ActiveCfg = Debug|Any CPU
		{814BDBF1-5DCE-4406-91A4-7377D1C5E6A7}.Debug|Any CPU.Build.0 = Debug|Any CPU
		{814BDBF1-5DCE-4406-91A4-7377D1C5E6A7}.Debug|x64.ActiveCfg = Debug|Any CPU
		{814BDBF1-5DCE-4406-91A4-7377D1C5E6A7}.Debug|x64.Build.0 = Debug|Any CPU
		{814BDBF1-5DCE-4406-91A4-7377D1C5E6A7}.Debug|x86.ActiveCfg = Debug|Any CPU
		{814BDBF1-5DCE-4406-91A4-7377D1C5E6A7}.Debug|x86.Build.0 = Debug|Any CPU
		{814BDBF1-5DCE-4406-91A4-7377D1C5E6A7}.Release|Any CPU.ActiveCfg = Release|Any CPU
		{814BDBF1-5DCE-4406-91A4-7377D1C5E6A7}.Release|Any CPU.Build.0 = Release|Any CPU
		{814BDBF1-5DCE-4406-91A4-7377D1C5E6A7}.Release|x64.ActiveCfg = Release|Any CPU
		{814BDBF1-5DCE-4406-91A4-7377D1C5E6A7}.Release|x64.Build.0 = Release|Any CPU
		{814BDBF1-5DCE-4406-91A4-7377D1C5E6A7}.Release|x86.ActiveCfg = Release|Any CPU
		{814BDBF1-5DCE-4406-91A4-7377D1C5E6A7}.Release|x86.Build.0 = Release|Any CPU
		{44287BD7-8471-4504-89AC-A5112FFFEE93}.Debug|Any CPU.ActiveCfg = Debug|Any CPU
		{44287BD7-8471-4504-89AC-A5112FFFEE93}.Debug|Any CPU.Build.0 = Debug|Any CPU
		{44287BD7-8471-4504-89AC-A5112FFFEE93}.Debug|x64.ActiveCfg = Debug|Any CPU
		{44287BD7-8471-4504-89AC-A5112FFFEE93}.Debug|x64.Build.0 = Debug|Any CPU
		{44287BD7-8471-4504-89AC-A5112FFFEE93}.Debug|x86.ActiveCfg = Debug|Any CPU
		{44287BD7-8471-4504-89AC-A5112FFFEE93}.Debug|x86.Build.0 = Debug|Any CPU
		{44287BD7-8471-4504-89AC-A5112FFFEE93}.Release|Any CPU.ActiveCfg = Release|Any CPU
		{44287BD7-8471-4504-89AC-A5112FFFEE93}.Release|Any CPU.Build.0 = Release|Any CPU
		{44287BD7-8471-4504-89AC-A5112FFFEE93}.Release|x64.ActiveCfg = Release|Any CPU
		{44287BD7-8471-4504-89AC-A5112FFFEE93}.Release|x64.Build.0 = Release|Any CPU
		{44287BD7-8471-4504-89AC-A5112FFFEE93}.Release|x86.ActiveCfg = Release|Any CPU
		{44287BD7-8471-4504-89AC-A5112FFFEE93}.Release|x86.Build.0 = Release|Any CPU
	EndGlobalSection
	GlobalSection(SolutionProperties) = preSolution
		HideSolutionNode = FALSE
	EndGlobalSection
	GlobalSection(NestedProjects) = preSolution
		{30827CDD-354D-4E5D-A0FA-62FFCE2B4329} = {7E13235E-97B9-4147-AFC3-FAF3B5C85FE4}
		{7E13235E-97B9-4147-AFC3-FAF3B5C85FE4} = {7245A490-858C-466E-ACF8-8FA5EF99F6E4}
		{814BDBF1-5DCE-4406-91A4-7377D1C5E6A7} = {7E13235E-97B9-4147-AFC3-FAF3B5C85FE4}
		{44287BD7-8471-4504-89AC-A5112FFFEE93} = {7E13235E-97B9-4147-AFC3-FAF3B5C85FE4}
	EndGlobalSection
	GlobalSection(ExtensibilityGlobals) = postSolution
		SolutionGuid = {342C0025-68E4-4A0E-858B-49DA63C495B4}
	EndGlobalSection
EndGlobal
