
Microsoft Visual Studio Solution File, Format Version 12.00
# Visual Studio Version 16
VisualStudioVersion = 16.0.31129.286
MinimumVisualStudioVersion = 10.0.40219.1
Project("{FAE04EC0-301F-11D3-BF4B-00C04F79EFBC}") = "Client", "Client\Client.csproj", "{04BDA262-A12C-4FE1-B32D-CC3684EBF868}"
EndProject
Project("{FAE04EC0-301F-11D3-BF4B-00C04F79EFBC}") = "Common", "Common\Common.csproj", "{869C0FB2-249D-46D9-9DAC-56BB85BBC26E}"
EndProject
Project("{2150E333-8FDC-42A3-9474-1A3956D46DE8}") = "全部插件", "全部插件", "{7245A490-858C-466E-ACF8-8FA5EF99F6E4}"
EndProject
Project("{2150E333-8FDC-42A3-9474-1A3956D46DE8}") = "说明文档", "说明文档", "{C5B19FD9-DFDF-4ED1-B7BA-27A0B4167814}"
	ProjectSection(SolutionItems) = preProject
		readme.md = readme.md
	EndProjectSection
EndProject
Project("{FAE04EC0-301F-11D3-BF4B-00C04F79EFBC}") = "CorePlugin", "CorePlugin\CorePlugin.csproj", "{30827CDD-354D-4E5D-A0FA-62FFCE2B4329}"
EndProject
Project("{2150E333-8FDC-42A3-9474-1A3956D46DE8}") = "核心模块", "核心模块", "{7E13235E-97B9-4147-AFC3-FAF3B5C85FE4}"
EndProject
Project("{2150E333-8FDC-42A3-9474-1A3956D46DE8}") = "客户管理", "客户管理", "{DE59BD4C-5611-414D-BDC6-F04D4684075B}"
EndProject
Project("{2150E333-8FDC-42A3-9474-1A3956D46DE8}") = "进销存", "进销存", "{146880A5-9ECF-402E-932F-590DDC4ED4A9}"
EndProject
Project("{2150E333-8FDC-42A3-9474-1A3956D46DE8}") = "财务管理", "财务管理", "{881C47A4-17AD-4D78-B5EC-91601790F07C}"
EndProject
Project("{2150E333-8FDC-42A3-9474-1A3956D46DE8}") = "固定资产管理", "固定资产管理", "{5D4759B8-9B69-480D-AD88-501AEE881A1E}"
EndProject
Project("{2150E333-8FDC-42A3-9474-1A3956D46DE8}") = "人事管理", "人事管理", "{1F7E9909-D788-4E57-A48E-98E97A7B46FF}"
EndProject
Project("{2150E333-8FDC-42A3-9474-1A3956D46DE8}") = "图表示例", "图表示例", "{80BF63E9-0F15-4EF3-9F3B-3B376960114B}"
EndProject
Project("{2150E333-8FDC-42A3-9474-1A3956D46DE8}") = "销售管理", "销售管理", "{A28F7FCF-550C-42A8-ADB7-7D1E31735AD0}"
EndProject
Project("{FAE04EC0-301F-11D3-BF4B-00C04F79EFBC}") = "CoreDBModels", "CoreDBModels\CoreDBModels.csproj", "{814BDBF1-5DCE-4406-91A4-7377D1C5E6A7}"
EndProject
Global
	GlobalSection(SolutionConfigurationPlatforms) = preSolution
		Debug|Any CPU = Debug|Any CPU
		Release|Any CPU = Release|Any CPU
	EndGlobalSection
	GlobalSection(ProjectConfigurationPlatforms) = postSolution
		{04BDA262-A12C-4FE1-B32D-CC3684EBF868}.Debug|Any CPU.ActiveCfg = Debug|Any CPU
		{04BDA262-A12C-4FE1-B32D-CC3684EBF868}.Debug|Any CPU.Build.0 = Debug|Any CPU
		{04BDA262-A12C-4FE1-B32D-CC3684EBF868}.Release|Any CPU.ActiveCfg = Release|Any CPU
		{04BDA262-A12C-4FE1-B32D-CC3684EBF868}.Release|Any CPU.Build.0 = Release|Any CPU
		{869C0FB2-249D-46D9-9DAC-56BB85BBC26E}.Debug|Any CPU.ActiveCfg = Debug|Any CPU
		{869C0FB2-249D-46D9-9DAC-56BB85BBC26E}.Debug|Any CPU.Build.0 = Debug|Any CPU
		{869C0FB2-249D-46D9-9DAC-56BB85BBC26E}.Release|Any CPU.ActiveCfg = Release|Any CPU
		{869C0FB2-249D-46D9-9DAC-56BB85BBC26E}.Release|Any CPU.Build.0 = Release|Any CPU
		{30827CDD-354D-4E5D-A0FA-62FFCE2B4329}.Debug|Any CPU.ActiveCfg = Debug|Any CPU
		{30827CDD-354D-4E5D-A0FA-62FFCE2B4329}.Debug|Any CPU.Build.0 = Debug|Any CPU
		{30827CDD-354D-4E5D-A0FA-62FFCE2B4329}.Release|Any CPU.ActiveCfg = Release|Any CPU
		{30827CDD-354D-4E5D-A0FA-62FFCE2B4329}.Release|Any CPU.Build.0 = Release|Any CPU
		{814BDBF1-5DCE-4406-91A4-7377D1C5E6A7}.Debug|Any CPU.ActiveCfg = Debug|Any CPU
		{814BDBF1-5DCE-4406-91A4-7377D1C5E6A7}.Debug|Any CPU.Build.0 = Debug|Any CPU
		{814BDBF1-5DCE-4406-91A4-7377D1C5E6A7}.Release|Any CPU.ActiveCfg = Release|Any CPU
		{814BDBF1-5DCE-4406-91A4-7377D1C5E6A7}.Release|Any CPU.Build.0 = Release|Any CPU
	EndGlobalSection
	GlobalSection(SolutionProperties) = preSolution
		HideSolutionNode = FALSE
	EndGlobalSection
	GlobalSection(NestedProjects) = preSolution
		{30827CDD-354D-4E5D-A0FA-62FFCE2B4329} = {7E13235E-97B9-4147-AFC3-FAF3B5C85FE4}
		{7E13235E-97B9-4147-AFC3-FAF3B5C85FE4} = {7245A490-858C-466E-ACF8-8FA5EF99F6E4}
		{DE59BD4C-5611-414D-BDC6-F04D4684075B} = {7245A490-858C-466E-ACF8-8FA5EF99F6E4}
		{146880A5-9ECF-402E-932F-590DDC4ED4A9} = {7245A490-858C-466E-ACF8-8FA5EF99F6E4}
		{881C47A4-17AD-4D78-B5EC-91601790F07C} = {7245A490-858C-466E-ACF8-8FA5EF99F6E4}
		{5D4759B8-9B69-480D-AD88-501AEE881A1E} = {7245A490-858C-466E-ACF8-8FA5EF99F6E4}
		{1F7E9909-D788-4E57-A48E-98E97A7B46FF} = {7245A490-858C-466E-ACF8-8FA5EF99F6E4}
		{80BF63E9-0F15-4EF3-9F3B-3B376960114B} = {7245A490-858C-466E-ACF8-8FA5EF99F6E4}
		{A28F7FCF-550C-42A8-ADB7-7D1E31735AD0} = {7245A490-858C-466E-ACF8-8FA5EF99F6E4}
		{814BDBF1-5DCE-4406-91A4-7377D1C5E6A7} = {7E13235E-97B9-4147-AFC3-FAF3B5C85FE4}
	EndGlobalSection
	GlobalSection(ExtensibilityGlobals) = postSolution
		SolutionGuid = {342C0025-68E4-4A0E-858B-49DA63C495B4}
	EndGlobalSection
EndGlobal
