
Microsoft Visual Studio Solution File, Format Version 12.00
# Visual Studio Version 16
VisualStudioVersion = 16.0.32002.261
MinimumVisualStudioVersion = 10.0.40219.1
Project("{FAE04EC0-301F-11D3-BF4B-00C04F79EFBC}") = "FixedAssetsPlugin", "FixedAssetsPlugin\FixedAssetsPlugin.csproj", "{D4FA26ED-FF45-4A5B-8A51-691982837FD9}"
EndProject
Global
	GlobalSection(SolutionConfigurationPlatforms) = preSolution
		Debug|Any CPU = Debug|Any CPU
		Release|Any CPU = Release|Any CPU
	EndGlobalSection
	GlobalSection(ProjectConfigurationPlatforms) = postSolution
		{D4FA26ED-FF45-4A5B-8A51-691982837FD9}.Debug|Any CPU.ActiveCfg = Debug|Any CPU
		{D4FA26ED-FF45-4A5B-8A51-691982837FD9}.Debug|Any CPU.Build.0 = Debug|Any CPU
		{D4FA26ED-FF45-4A5B-8A51-691982837FD9}.Release|Any CPU.ActiveCfg = Release|Any CPU
		{D4FA26ED-FF45-4A5B-8A51-691982837FD9}.Release|Any CPU.Build.0 = Release|Any CPU
	EndGlobalSection
	GlobalSection(SolutionProperties) = preSolution
		HideSolutionNode = FALSE
	EndGlobalSection
	GlobalSection(ExtensibilityGlobals) = postSolution
		SolutionGuid = {A8C7AE06-ABEC-405B-B802-8E563ECC46B4}
	EndGlobalSection
EndGlobal
