
Microsoft Visual Studio Solution File, Format Version 12.00
# Visual Studio Version 16
VisualStudioVersion = 16.0.32002.261
MinimumVisualStudioVersion = 10.0.40219.1
Project("{FAE04EC0-301F-11D3-BF4B-00C04F79EFBC}") = "LiveChartsTestPlugin", "LiveChartsTestPlugin\LiveChartsTestPlugin.csproj", "{809E4C10-F122-4A18-8576-D56EE363F0BC}"
EndProject
Global
	GlobalSection(SolutionConfigurationPlatforms) = preSolution
		Debug|Any CPU = Debug|Any CPU
		Release|Any CPU = Release|Any CPU
	EndGlobalSection
	GlobalSection(ProjectConfigurationPlatforms) = postSolution
		{809E4C10-F122-4A18-8576-D56EE363F0BC}.Debug|Any CPU.ActiveCfg = Debug|Any CPU
		{809E4C10-F122-4A18-8576-D56EE363F0BC}.Debug|Any CPU.Build.0 = Debug|Any CPU
		{809E4C10-F122-4A18-8576-D56EE363F0BC}.Release|Any CPU.ActiveCfg = Release|Any CPU
		{809E4C10-F122-4A18-8576-D56EE363F0BC}.Release|Any CPU.Build.0 = Release|Any CPU
	EndGlobalSection
	GlobalSection(SolutionProperties) = preSolution
		HideSolutionNode = FALSE
	EndGlobalSection
	GlobalSection(ExtensibilityGlobals) = postSolution
		SolutionGuid = {A8C7AE06-ABEC-405B-B802-8E563ECC46B4}
	EndGlobalSection
EndGlobal
