
Microsoft Visual Studio Solution File, Format Version 12.00
# Visual Studio Version 16
VisualStudioVersion = 16.0.32002.261
MinimumVisualStudioVersion = 10.0.40219.1
Project("{FAE04EC0-301F-11D3-BF4B-00C04F79EFBC}") = "DBModels", "DBModels\DBModels.csproj", "{814BDBF1-5DCE-4406-91A4-7377D1C5E6A7}"
EndProject
Project("{FAE04EC0-301F-11D3-BF4B-00C04F79EFBC}") = "SaleDBModels", "SaleDBModels\SaleDBModels.csproj", "{17F1B7EE-06A2-40A5-BD0D-2F37B91EEB21}"
EndProject
Global
	GlobalSection(SolutionConfigurationPlatforms) = preSolution
		Debug|Any CPU = Debug|Any CPU
		Release|Any CPU = Release|Any CPU
	EndGlobalSection
	GlobalSection(ProjectConfigurationPlatforms) = postSolution
		{814BDBF1-5DCE-4406-91A4-7377D1C5E6A7}.Debug|Any CPU.ActiveCfg = Debug|Any CPU
		{814BDBF1-5DCE-4406-91A4-7377D1C5E6A7}.Debug|Any CPU.Build.0 = Debug|Any CPU
		{814BDBF1-5DCE-4406-91A4-7377D1C5E6A7}.Release|Any CPU.ActiveCfg = Release|Any CPU
		{814BDBF1-5DCE-4406-91A4-7377D1C5E6A7}.Release|Any CPU.Build.0 = Release|Any CPU
		{17F1B7EE-06A2-40A5-BD0D-2F37B91EEB21}.Debug|Any CPU.ActiveCfg = Debug|Any CPU
		{17F1B7EE-06A2-40A5-BD0D-2F37B91EEB21}.Debug|Any CPU.Build.0 = Debug|Any CPU
		{17F1B7EE-06A2-40A5-BD0D-2F37B91EEB21}.Release|Any CPU.ActiveCfg = Release|Any CPU
		{17F1B7EE-06A2-40A5-BD0D-2F37B91EEB21}.Release|Any CPU.Build.0 = Release|Any CPU
	EndGlobalSection
	GlobalSection(SolutionProperties) = preSolution
		HideSolutionNode = FALSE
	EndGlobalSection
	GlobalSection(ExtensibilityGlobals) = postSolution
		SolutionGuid = {A8C7AE06-ABEC-405B-B802-8E563ECC46B4}
	EndGlobalSection
EndGlobal
